// !$*UTF8*$!
{
	archiveVersion = 1;
	classes = {
	};
	objectVersion = 56;
	objects = {

/* Begin PBXBuildFile section */
		17C7B1A82C9E9AF70082A5A5 /* TimelineViewController.swift in Sources */ = {isa = PBXBuildFile; fileRef = 17C7B1A72C9E9AF70082A5A5 /* TimelineViewController.swift */; };
		B22E71562C937F9A00E7F1D4 /* AppDelegate.swift in Sources */ = {isa = PBXBuildFile; fileRef = B22E71552C937F9A00E7F1D4 /* AppDelegate.swift */; };
		B22E71582C937F9A00E7F1D4 /* SceneDelegate.swift in Sources */ = {isa = PBXBuildFile; fileRef = B22E71572C937F9A00E7F1D4 /* SceneDelegate.swift */; };
		B22E715A2C937F9A00E7F1D4 /* ViewController.swift in Sources */ = {isa = PBXBuildFile; fileRef = B22E71592C937F9A00E7F1D4 /* ViewController.swift */; };
		B22E715D2C937F9A00E7F1D4 /* Base in Resources */ = {isa = PBXBuildFile; fileRef = B22E715C2C937F9A00E7F1D4 /* Base */; };
		B22E71602C937F9A00E7F1D4 /* Tabletop_DiceApp.xcdatamodeld in Sources */ = {isa = PBXBuildFile; fileRef = B22E715E2C937F9A00E7F1D4 /* Tabletop_DiceApp.xcdatamodeld */; };
		B22E71622C937F9B00E7F1D4 /* Assets.xcassets in Resources */ = {isa = PBXBuildFile; fileRef = B22E71612C937F9B00E7F1D4 /* Assets.xcassets */; };
		B22E71652C937F9B00E7F1D4 /* Base in Resources */ = {isa = PBXBuildFile; fileRef = B22E71642C937F9B00E7F1D4 /* Base */; };
/* End PBXBuildFile section */

/* Begin PBXFileReference section */
		17C7B1A72C9E9AF70082A5A5 /* TimelineViewController.swift */ = {isa = PBXFileReference; lastKnownFileType = sourcecode.swift; path = TimelineViewController.swift; sourceTree = "<group>"; };
		B22E71522C937F9A00E7F1D4 /* Tabletop_DiceApp.app */ = {isa = PBXFileReference; explicitFileType = wrapper.application; includeInIndex = 0; path = Tabletop_DiceApp.app; sourceTree = BUILT_PRODUCTS_DIR; };
		B22E71552C937F9A00E7F1D4 /* AppDelegate.swift */ = {isa = PBXFileReference; lastKnownFileType = sourcecode.swift; path = AppDelegate.swift; sourceTree = "<group>"; };
		B22E71572C937F9A00E7F1D4 /* SceneDelegate.swift */ = {isa = PBXFileReference; lastKnownFileType = sourcecode.swift; path = SceneDelegate.swift; sourceTree = "<group>"; };
		B22E71592C937F9A00E7F1D4 /* ViewController.swift */ = {isa = PBXFileReference; lastKnownFileType = sourcecode.swift; path = ViewController.swift; sourceTree = "<group>"; };
		B22E715C2C937F9A00E7F1D4 /* Base */ = {isa = PBXFileReference; lastKnownFileType = file.storyboard; name = Base; path = Base.lproj/Main.storyboard; sourceTree = "<group>"; };
		B22E715F2C937F9A00E7F1D4 /* Tabletop_DiceApp.xcdatamodel */ = {isa = PBXFileReference; lastKnownFileType = wrapper.xcdatamodel; path = Tabletop_DiceApp.xcdatamodel; sourceTree = "<group>"; };
		B22E71612C937F9B00E7F1D4 /* Assets.xcassets */ = {isa = PBXFileReference; lastKnownFileType = folder.assetcatalog; path = Assets.xcassets; sourceTree = "<group>"; };
		B22E71642C937F9B00E7F1D4 /* Base */ = {isa = PBXFileReference; lastKnownFileType = file.storyboard; name = Base; path = Base.lproj/LaunchScreen.storyboard; sourceTree = "<group>"; };
		B22E71662C937F9B00E7F1D4 /* Info.plist */ = {isa = PBXFileReference; lastKnownFileType = text.plist.xml; path = Info.plist; sourceTree = "<group>"; };
/* End PBXFileReference section */

/* Begin PBXFrameworksBuildPhase section */
		B22E714F2C937F9A00E7F1D4 /* Frameworks */ = {
			isa = PBXFrameworksBuildPhase;
			buildActionMask = 2147483647;
			files = (
			);
			runOnlyForDeploymentPostprocessing = 0;
		};
/* End PBXFrameworksBuildPhase section */

/* Begin PBXGroup section */
		B22E71492C937F9A00E7F1D4 = {
			isa = PBXGroup;
			children = (
				B22E71542C937F9A00E7F1D4 /* Tabletop_DiceApp */,
				B22E71532C937F9A00E7F1D4 /* Products */,
			);
			sourceTree = "<group>";
		};
		B22E71532C937F9A00E7F1D4 /* Products */ = {
			isa = PBXGroup;
			children = (
				B22E71522C937F9A00E7F1D4 /* Tabletop_DiceApp.app */,
			);
			name = Products;
			sourceTree = "<group>";
		};
		B22E71542C937F9A00E7F1D4 /* Tabletop_DiceApp */ = {
			isa = PBXGroup;
			children = (
				B22E71552C937F9A00E7F1D4 /* AppDelegate.swift */,
				B22E71572C937F9A00E7F1D4 /* SceneDelegate.swift */,
				B22E71592C937F9A00E7F1D4 /* ViewController.swift */,
				17C7B1A72C9E9AF70082A5A5 /* TimelineViewController.swift */,
				B22E715B2C937F9A00E7F1D4 /* Main.storyboard */,
				B22E71612C937F9B00E7F1D4 /* Assets.xcassets */,
				B22E71632C937F9B00E7F1D4 /* LaunchScreen.storyboard */,
				B22E71662C937F9B00E7F1D4 /* Info.plist */,
				B22E715E2C937F9A00E7F1D4 /* Tabletop_DiceApp.xcdatamodeld */,
			);
			path = Tabletop_DiceApp;
			sourceTree = "<group>";
		};
/* End PBXGroup section */

/* Begin PBXNativeTarget section */
		B22E71512C937F9A00E7F1D4 /* Tabletop_DiceApp */ = {
			isa = PBXNativeTarget;
			buildConfigurationList = B22E71692C937F9B00E7F1D4 /* Build configuration list for PBXNativeTarget "Tabletop_DiceApp" */;
			buildPhases = (
				B22E714E2C937F9A00E7F1D4 /* Sources */,
				B22E714F2C937F9A00E7F1D4 /* Frameworks */,
				B22E71502C937F9A00E7F1D4 /* Resources */,
			);
			buildRules = (
			);
			dependencies = (
			);
			name = Tabletop_DiceApp;
			productName = Tabletop_DiceApp;
			productReference = B22E71522C937F9A00E7F1D4 /* Tabletop_DiceApp.app */;
			productType = "com.apple.product-type.application";
		};
/* End PBXNativeTarget section */

/* Begin PBXProject section */
		B22E714A2C937F9A00E7F1D4 /* Project object */ = {
			isa = PBXProject;
			attributes = {
				BuildIndependentTargetsInParallel = 1;
				LastSwiftUpdateCheck = 1540;
				LastUpgradeCheck = 1540;
				TargetAttributes = {
					B22E71512C937F9A00E7F1D4 = {
						CreatedOnToolsVersion = 15.4;
					};
				};
			};
			buildConfigurationList = B22E714D2C937F9A00E7F1D4 /* Build configuration list for PBXProject "Tabletop_DiceApp" */;
			compatibilityVersion = "Xcode 14.0";
			developmentRegion = en;
			hasScannedForEncodings = 0;
			knownRegions = (
				en,
				Base,
			);
			mainGroup = B22E71492C937F9A00E7F1D4;
			productRefGroup = B22E71532C937F9A00E7F1D4 /* Products */;
			projectDirPath = "";
			projectRoot = "";
			targets = (
				B22E71512C937F9A00E7F1D4 /* Tabletop_DiceApp */,
			);
		};
/* End PBXProject section */

/* Begin PBXResourcesBuildPhase section */
		B22E71502C937F9A00E7F1D4 /* Resources */ = {
			isa = PBXResourcesBuildPhase;
			buildActionMask = 2147483647;
			files = (
				B22E71622C937F9B00E7F1D4 /* Assets.xcassets in Resources */,
				B22E71652C937F9B00E7F1D4 /* Base in Resources */,
				B22E715D2C937F9A00E7F1D4 /* Base in Resources */,
			);
			runOnlyForDeploymentPostprocessing = 0;
		};
/* End PBXResourcesBuildPhase section */

/* Begin PBXSourcesBuildPhase section */
		B22E714E2C937F9A00E7F1D4 /* Sources */ = {
			isa = PBXSourcesBuildPhase;
			buildActionMask = 2147483647;
			files = (
				B22E715A2C937F9A00E7F1D4 /* ViewController.swift in Sources */,
				B22E71602C937F9A00E7F1D4 /* Tabletop_DiceApp.xcdatamodeld in Sources */,
				B22E71562C937F9A00E7F1D4 /* AppDelegate.swift in Sources */,
				B22E71582C937F9A00E7F1D4 /* SceneDelegate.swift in Sources */,
				17C7B1A82C9E9AF70082A5A5 /* TimelineViewController.swift in Sources */,
			);
			runOnlyForDeploymentPostprocessing = 0;
		};
/* End PBXSourcesBuildPhase section */

/* Begin PBXVariantGroup section */
		B22E715B2C937F9A00E7F1D4 /* Main.storyboard */ = {
			isa = PBXVariantGroup;
			children = (
				B22E715C2C937F9A00E7F1D4 /* Base */,
			);
			name = Main.storyboard;
			sourceTree = "<group>";
		};
		B22E71632C937F9B00E7F1D4 /* LaunchScreen.storyboard */ = {
			isa = PBXVariantGroup;
			children = (
				B22E71642C937F9B00E7F1D4 /* Base */,
			);
			name = LaunchScreen.storyboard;
			sourceTree = "<group>";
		};
/* End PBXVariantGroup section */

/* Begin XCBuildConfiguration section */
		B22E71672C937F9B00E7F1D4 /* Debug */ = {
			isa = XCBuildConfiguration;
			buildSettings = {
				ALWAYS_SEARCH_USER_PATHS = NO;
				ASSETCATALOG_COMPILER_GENERATE_SWIFT_ASSET_SYMBOL_EXTENSIONS = YES;
				CLANG_ANALYZER_NONNULL = YES;
				CLANG_ANALYZER_NUMBER_OBJECT_CONVERSION = YES_AGGRESSIVE;
				CLANG_CXX_LANGUAGE_STANDARD = "gnu++20";
				CLANG_ENABLE_MODULES = YES;
				CLANG_ENABLE_OBJC_ARC = YES;
				CLANG_ENABLE_OBJC_WEAK = YES;
				CLANG_WARN_BLOCK_CAPTURE_AUTORELEASING = YES;
				CLANG_WARN_BOOL_CONVERSION = YES;
				CLANG_WARN_COMMA = YES;
				CLANG_WARN_CONSTANT_CONVERSION = YES;
				CLANG_WARN_DEPRECATED_OBJC_IMPLEMENTATIONS = YES;
				CLANG_WARN_DIRECT_OBJC_ISA_USAGE = YES_ERROR;
				CLANG_WARN_DOCUMENTATION_COMMENTS = YES;
				CLANG_WARN_EMPTY_BODY = YES;
				CLANG_WARN_ENUM_CONVERSION = YES;
				CLANG_WARN_INFINITE_RECURSION = YES;
				CLANG_WARN_INT_CONVERSION = YES;
				CLANG_WARN_NON_LITERAL_NULL_CONVERSION = YES;
				CLANG_WARN_OBJC_IMPLICIT_RETAIN_SELF = YES;
				CLANG_WARN_OBJC_LITERAL_CONVERSION = YES;
				CLANG_WARN_OBJC_ROOT_CLASS = YES_ERROR;
				CLANG_WARN_QUOTED_INCLUDE_IN_FRAMEWORK_HEADER = YES;
				CLANG_WARN_RANGE_LOOP_ANALYSIS = YES;
				CLANG_WARN_STRICT_PROTOTYPES = YES;
				CLANG_WARN_SUSPICIOUS_MOVE = YES;
				CLANG_WARN_UNGUARDED_AVAILABILITY = YES_AGGRESSIVE;
				CLANG_WARN_UNREACHABLE_CODE = YES;
				CLANG_WARN__DUPLICATE_METHOD_MATCH = YES;
				COPY_PHASE_STRIP = NO;
				DEBUG_INFORMATION_FORMAT = dwarf;
				ENABLE_STRICT_OBJC_MSGSEND = YES;
				ENABLE_TESTABILITY = YES;
				ENABLE_USER_SCRIPT_SANDBOXING = YES;
				GCC_C_LANGUAGE_STANDARD = gnu17;
				GCC_DYNAMIC_NO_PIC = NO;
				GCC_NO_COMMON_BLOCKS = YES;
				GCC_OPTIMIZATION_LEVEL = 0;
				GCC_PREPROCESSOR_DEFINITIONS = (
					"DEBUG=1",
					"$(inherited)",
				);
				GCC_WARN_64_TO_32_BIT_CONVERSION = YES;
				GCC_WARN_ABOUT_RETURN_TYPE = YES_ERROR;
				GCC_WARN_UNDECLARED_SELECTOR = YES;
				GCC_WARN_UNINITIALIZED_AUTOS = YES_AGGRESSIVE;
				GCC_WARN_UNUSED_FUNCTION = YES;
				GCC_WARN_UNUSED_VARIABLE = YES;
				IPHONEOS_DEPLOYMENT_TARGET = 17.5;
				LOCALIZATION_PREFERS_STRING_CATALOGS = YES;
				MTL_ENABLE_DEBUG_INFO = INCLUDE_SOURCE;
				MTL_FAST_MATH = YES;
				ONLY_ACTIVE_ARCH = YES;
				SDKROOT = iphoneos;
				SWIFT_ACTIVE_COMPILATION_CONDITIONS = "DEBUG $(inherited)";
				SWIFT_OPTIMIZATION_LEVEL = "-Onone";
			};
			name = Debug;
		};
		B22E71682C937F9B00E7F1D4 /* Release */ = {
			isa = XCBuildConfiguration;
			buildSettings = {
				ALWAYS_SEARCH_USER_PATHS = NO;
				ASSETCATALOG_COMPILER_GENERATE_SWIFT_ASSET_SYMBOL_EXTENSIONS = YES;
				CLANG_ANALYZER_NONNULL = YES;
				CLANG_ANALYZER_NUMBER_OBJECT_CONVERSION = YES_AGGRESSIVE;
				CLANG_CXX_LANGUAGE_STANDARD = "gnu++20";
				CLANG_ENABLE_MODULES = YES;
				CLANG_ENABLE_OBJC_ARC = YES;
				CLANG_ENABLE_OBJC_WEAK = YES;
				CLANG_WARN_BLOCK_CAPTURE_AUTORELEASING = YES;
				CLANG_WARN_BOOL_CONVERSION = YES;
				CLANG_WARN_COMMA = YES;
				CLANG_WARN_CONSTANT_CONVERSION = YES;
				CLANG_WARN_DEPRECATED_OBJC_IMPLEMENTATIONS = YES;
				CLANG_WARN_DIRECT_OBJC_ISA_USAGE = YES_ERROR;
				CLANG_WARN_DOCUMENTATION_COMMENTS = YES;
				CLANG_WARN_EMPTY_BODY = YES;
				CLANG_WARN_ENUM_CONVERSION = YES;
				CLANG_WARN_INFINITE_RECURSION = YES;
				CLANG_WARN_INT_CONVERSION = YES;
				CLANG_WARN_NON_LITERAL_NULL_CONVERSION = YES;
				CLANG_WARN_OBJC_IMPLICIT_RETAIN_SELF = YES;
				CLANG_WARN_OBJC_LITERAL_CONVERSION = YES;
				CLANG_WARN_OBJC_ROOT_CLASS = YES_ERROR;
				CLANG_WARN_QUOTED_INCLUDE_IN_FRAMEWORK_HEADER = YES;
				CLANG_WARN_RANGE_LOOP_ANALYSIS = YES;
				CLANG_WARN_STRICT_PROTOTYPES = YES;
				CLANG_WARN_SUSPICIOUS_MOVE = YES;
				CLANG_WARN_UNGUARDED_AVAILABILITY = YES_AGGRESSIVE;
				CLANG_WARN_UNREACHABLE_CODE = YES;
				CLANG_WARN__DUPLICATE_METHOD_MATCH = YES;
				COPY_PHASE_STRIP = NO;
				DEBUG_INFORMATION_FORMAT = "dwarf-with-dsym";
				ENABLE_NS_ASSERTIONS = NO;
				ENABLE_STRICT_OBJC_MSGSEND = YES;
				ENABLE_USER_SCRIPT_SANDBOXING = YES;
				GCC_C_LANGUAGE_STANDARD = gnu17;
				GCC_NO_COMMON_BLOCKS = YES;
				GCC_WARN_64_TO_32_BIT_CONVERSION = YES;
				GCC_WARN_ABOUT_RETURN_TYPE = YES_ERROR;
				GCC_WARN_UNDECLARED_SELECTOR = YES;
				GCC_WARN_UNINITIALIZED_AUTOS = YES_AGGRESSIVE;
				GCC_WARN_UNUSED_FUNCTION = YES;
				GCC_WARN_UNUSED_VARIABLE = YES;
				IPHONEOS_DEPLOYMENT_TARGET = 17.5;
				LOCALIZATION_PREFERS_STRING_CATALOGS = YES;
				MTL_ENABLE_DEBUG_INFO = NO;
				MTL_FAST_MATH = YES;
				SDKROOT = iphoneos;
				SWIFT_COMPILATION_MODE = wholemodule;
				VALIDATE_PRODUCT = YES;
			};
			name = Release;
		};
		B22E716A2C937F9B00E7F1D4 /* Debug */ = {
			isa = XCBuildConfiguration;
			buildSettings = {
				ASSETCATALOG_COMPILER_APPICON_NAME = AppIcon;
				ASSETCATALOG_COMPILER_GLOBAL_ACCENT_COLOR_NAME = AccentColor;
				CODE_SIGN_STYLE = Automatic;
				CURRENT_PROJECT_VERSION = 1;
				GENERATE_INFOPLIST_FILE = YES;
				INFOPLIST_FILE = Tabletop_DiceApp/Info.plist;
				INFOPLIST_KEY_UIApplicationSupportsIndirectInputEvents = YES;
				INFOPLIST_KEY_UILaunchStoryboardName = LaunchScreen;
				INFOPLIST_KEY_UIMainStoryboardFile = Main;
				INFOPLIST_KEY_UISupportedInterfaceOrientations_iPad = "UIInterfaceOrientationPortrait UIInterfaceOrientationPortraitUpsideDown UIInterfaceOrientationLandscapeLeft UIInterfaceOrientationLandscapeRight";
				INFOPLIST_KEY_UISupportedInterfaceOrientations_iPhone = "UIInterfaceOrientationPortrait UIInterfaceOrientationLandscapeLeft UIInterfaceOrientationLandscapeRight";
				LD_RUNPATH_SEARCH_PATHS = (
					"$(inherited)",
					"@executable_path/Frameworks",
				);
				MARKETING_VERSION = 1.0;
				PRODUCT_BUNDLE_IDENTIFIER = "Projects-CSC338.Tabletop-DiceApp";
				PRODUCT_NAME = "$(TARGET_NAME)";
				SWIFT_EMIT_LOC_STRINGS = YES;
				SWIFT_VERSION = 5.0;
				TARGETED_DEVICE_FAMILY = "1,2";
			};
			name = Debug;
		};
		B22E716B2C937F9B00E7F1D4 /* Release */ = {
			isa = XCBuildConfiguration;
			buildSettings = {
				ASSETCATALOG_COMPILER_APPICON_NAME = AppIcon;
				ASSETCATALOG_COMPILER_GLOBAL_ACCENT_COLOR_NAME = AccentColor;
				CODE_SIGN_STYLE = Automatic;
				CURRENT_PROJECT_VERSION = 1;
				GENERATE_INFOPLIST_FILE = YES;
				INFOPLIST_FILE = Tabletop_DiceApp/Info.plist;
				INFOPLIST_KEY_UIApplicationSupportsIndirectInputEvents = YES;
				INFOPLIST_KEY_UILaunchStoryboardName = LaunchScreen;
				INFOPLIST_KEY_UIMainStoryboardFile = Main;
				INFOPLIST_KEY_UISupportedInterfaceOrientations_iPad = "UIInterfaceOrientationPortrait UIInterfaceOrientationPortraitUpsideDown UIInterfaceOrientationLandscapeLeft UIInterfaceOrientationLandscapeRight";
				INFOPLIST_KEY_UISupportedInterfaceOrientations_iPhone = "UIInterfaceOrientationPortrait UIInterfaceOrientationLandscapeLeft UIInterfaceOrientationLandscapeRight";
				LD_RUNPATH_SEARCH_PATHS = (
					"$(inherited)",
					"@executable_path/Frameworks",
				);
				MARKETING_VERSION = 1.0;
				PRODUCT_BUNDLE_IDENTIFIER = "Projects-CSC338.Tabletop-DiceApp";
				PRODUCT_NAME = "$(TARGET_NAME)";
				SWIFT_EMIT_LOC_STRINGS = YES;
				SWIFT_VERSION = 5.0;
				TARGETED_DEVICE_FAMILY = "1,2";
			};
			name = Release;
		};
/* End XCBuildConfiguration section */

/* Begin XCConfigurationList section */
		B22E714D2C937F9A00E7F1D4 /* Build configuration list for PBXProject "Tabletop_DiceApp" */ = {
			isa = XCConfigurationList;
			buildConfigurations = (
				B22E71672C937F9B00E7F1D4 /* Debug */,
				B22E71682C937F9B00E7F1D4 /* Release */,
			);
			defaultConfigurationIsVisible = 0;
			defaultConfigurationName = Release;
		};
		B22E71692C937F9B00E7F1D4 /* Build configuration list for PBXNativeTarget "Tabletop_DiceApp" */ = {
			isa = XCConfigurationList;
			buildConfigurations = (
				B22E716A2C937F9B00E7F1D4 /* Debug */,
				B22E716B2C937F9B00E7F1D4 /* Release */,
			);
			defaultConfigurationIsVisible = 0;
			defaultConfigurationName = Release;
		};
/* End XCConfigurationList section */

/* Begin XCVersionGroup section */
		B22E715E2C937F9A00E7F1D4 /* Tabletop_DiceApp.xcdatamodeld */ = {
			isa = XCVersionGroup;
			children = (
				B22E715F2C937F9A00E7F1D4 /* Tabletop_DiceApp.xcdatamodel */,
			);
			currentVersion = B22E715F2C937F9A00E7F1D4 /* Tabletop_DiceApp.xcdatamodel */;
			path = Tabletop_DiceApp.xcdatamodeld;
			sourceTree = "<group>";
			versionGroupType = wrapper.xcdatamodel;
		};
/* End XCVersionGroup section */
	};
	rootObject = B22E714A2C937F9A00E7F1D4 /* Project object */;
}
